
Microsoft Visual Studio Solution File, Format Version 12.00
# Visual Studio Version 16
VisualStudioVersion = 16.0.29806.167
MinimumVisualStudioVersion = 10.0.40219.1
Project("{2150E333-8FDC-42A3-9474-1A3956D46DE8}") = "code-golf.io", "code-golf.io", "{F778E11D-F0FE-44E1-AEC4-D573EA8AFA06}"
EndProject
Project("{2150E333-8FDC-42A3-9474-1A3956D46DE8}") = "codegolf.stackexchange", "codegolf.stackexchange", "{96E50F4D-54E8-439C-A130-98F967665380}"
EndProject
Project("{9A19103F-16F7-4668-BE54-9A1E7A4F7556}") = "Brainfuck.io", "code-golf.io\Brainfuck\Brainfuck.io.csproj", "{D38C06BE-2B19-41F7-9611-8400169DF683}"
EndProject
Project("{FAE04EC0-301F-11D3-BF4B-00C04F79EFBC}") = "Brainfuck.stackexchange", "codegolf.stackexchange\Brainfuck.stackexchange\Brainfuck.stackexchange.csproj", "{A6383A1A-2D59-4124-88A1-899DE31EE1FD}"
EndProject
Global
	GlobalSection(SolutionConfigurationPlatforms) = preSolution
		Debug|Any CPU = Debug|Any CPU
		Release|Any CPU = Release|Any CPU
	EndGlobalSection
	GlobalSection(ProjectConfigurationPlatforms) = postSolution
		{D38C06BE-2B19-41F7-9611-8400169DF683}.Debug|Any CPU.ActiveCfg = Debug|Any CPU
		{D38C06BE-2B19-41F7-9611-8400169DF683}.Debug|Any CPU.Build.0 = Debug|Any CPU
		{D38C06BE-2B19-41F7-9611-8400169DF683}.Release|Any CPU.ActiveCfg = Release|Any CPU
		{D38C06BE-2B19-41F7-9611-8400169DF683}.Release|Any CPU.Build.0 = Release|Any CPU
		{A6383A1A-2D59-4124-88A1-899DE31EE1FD}.Debug|Any CPU.ActiveCfg = Debug|Any CPU
		{A6383A1A-2D59-4124-88A1-899DE31EE1FD}.Debug|Any CPU.Build.0 = Debug|Any CPU
		{A6383A1A-2D59-4124-88A1-899DE31EE1FD}.Release|Any CPU.ActiveCfg = Release|Any CPU
		{A6383A1A-2D59-4124-88A1-899DE31EE1FD}.Release|Any CPU.Build.0 = Release|Any CPU
	EndGlobalSection
	GlobalSection(SolutionProperties) = preSolution
		HideSolutionNode = FALSE
	EndGlobalSection
	GlobalSection(NestedProjects) = preSolution
		{D38C06BE-2B19-41F7-9611-8400169DF683} = {F778E11D-F0FE-44E1-AEC4-D573EA8AFA06}
		{A6383A1A-2D59-4124-88A1-899DE31EE1FD} = {96E50F4D-54E8-439C-A130-98F967665380}
	EndGlobalSection
	GlobalSection(ExtensibilityGlobals) = postSolution
		SolutionGuid = {ED896934-F7DE-4F5C-BAF8-3057D6EDDFCA}
	EndGlobalSection
EndGlobal
